<?xml version="1.0" encoding="utf-8"?>
<Project ToolsVersion="4.0" xmlns="http://schemas.microsoft.com/developer/msbuild/2003">
  <ItemGroup>
    <Filter Include="リソース ファイル">
      <UniqueIdentifier>{67DA6AB6-F800-4c08-8B7A-83BB121AAD01}</UniqueIdentifier>
      <Extensions>rc;ico;cur;bmp;dlg;rc2;rct;bin;rgs;gif;jpg;jpeg;jpe;resx;tiff;tif;png;wav;mfcribbon-ms</Extensions>
    </Filter>
    <Filter Include="third_party">
      <UniqueIdentifier>{7dee1e95-c259-451a-aca0-9a6b6352b2c8}</UniqueIdentifier>
    </Filter>
    <Filter Include="third_party\backends">
      <UniqueIdentifier>{c4b0793c-b8f5-4ceb-9723-8404d1895206}</UniqueIdentifier>
    </Filter>
    <Filter Include="Application">
      <UniqueIdentifier>{87f70ddf-637e-4cb1-8101-1b12bfc6cdd4}</UniqueIdentifier>
    </Filter>
    <Filter Include="Panel">
      <UniqueIdentifier>{1aaa2255-ae1b-4236-a90f-a760e08b2d91}</UniqueIdentifier>
    </Filter>
    <Filter Include="Panel\Preview">
      <UniqueIdentifier>{1cb3b404-80df-4409-a006-c046c619db58}</UniqueIdentifier>
    </Filter>
    <Filter Include="misc">
      <UniqueIdentifier>{1068c082-61c5-4286-bd31-5ba8d6d50048}</UniqueIdentifier>
    </Filter>
    <Filter Include="Menu">
      <UniqueIdentifier>{f8a46314-0975-4bdc-8271-e1d2644a3dd2}</UniqueIdentifier>
    </Filter>
    <Filter Include="Edit">
      <UniqueIdentifier>{59a05b7d-3e43-4805-b8a3-423619e2cbab}</UniqueIdentifier>
    </Filter>
    <Filter Include="Controller">
      <UniqueIdentifier>{1613591c-e8b8-40fb-b91b-1e6c8f0ab723}</UniqueIdentifier>
    </Filter>
    <Filter Include="Command">
      <UniqueIdentifier>{3d31f920-8ff0-4cff-9d7f-0f4e59835845}</UniqueIdentifier>
    </Filter>
    <Filter Include="Document">
      <UniqueIdentifier>{f88ec156-2c72-4399-aca7-08bbdb4567d2}</UniqueIdentifier>
    </Filter>
    <Filter Include="Panel\Animation">
      <UniqueIdentifier>{a73e2dad-c65a-4db5-99b4-6368b3710db0}</UniqueIdentifier>
    </Filter>
    <Filter Include="third_party\misc">
      <UniqueIdentifier>{f904eadb-eb56-46d9-8963-13dad8421e3a}</UniqueIdentifier>
    </Filter>
    <Filter Include="third_party\misc\cpp">
      <UniqueIdentifier>{2d3b08af-d68e-4a7a-9047-08c6f168dcf6}</UniqueIdentifier>
    </Filter>
    <Filter Include="Panel\Creature">
      <UniqueIdentifier>{b5676d28-29e8-48bc-a648-c26d4dd56e16}</UniqueIdentifier>
    </Filter>
  </ItemGroup>
  <ItemGroup>
    <ClInclude Include="..\third_party\imgui\backends\imgui_impl_dx11.h">
      <Filter>third_party\backends</Filter>
    </ClInclude>
    <ClInclude Include="..\third_party\imgui\backends\imgui_impl_win32.h">
      <Filter>third_party\backends</Filter>
    </ClInclude>
    <ClInclude Include="..\third_party\imgui\imconfig.h">
      <Filter>third_party</Filter>
    </ClInclude>
    <ClInclude Include="..\third_party\imgui\imgui.h">
      <Filter>third_party</Filter>
    </ClInclude>
    <ClInclude Include="..\third_party\imgui\imgui_internal.h">
      <Filter>third_party</Filter>
    </ClInclude>
    <ClInclude Include="pch.h" />
    <ClInclude Include="Application.h">
      <Filter>Application</Filter>
    </ClInclude>
    <ClInclude Include="GenomePanel.h">
      <Filter>Panel</Filter>
    </ClInclude>
    <ClInclude Include="PreviewPanel.h">
      <Filter>Panel\Preview</Filter>
    </ClInclude>
    <ClInclude Include="PreviewState.h">
      <Filter>Panel\Preview</Filter>
    </ClInclude>
    <ClInclude Include="Resize.h">
      <Filter>Panel\Preview</Filter>
    </ClInclude>
    <ClInclude Include="Operation.h">
      <Filter>Panel\Preview</Filter>
    </ClInclude>
    <ClInclude Include="ImGuiWindowScope.h">
      <Filter>misc</Filter>
    </ClInclude>
    <ClInclude Include="ImGuiMenuScope.h">
      <Filter>misc</Filter>
    </ClInclude>
    <ClInclude Include="ImGuiMainMenuBarScope.h">
      <Filter>misc</Filter>
    </ClInclude>
    <ClInclude Include="FileOperation.h">
      <Filter>misc</Filter>
    </ClInclude>
    <ClInclude Include="MenuBar.h">
      <Filter>Menu</Filter>
    </ClInclude>
    <ClInclude Include="EditorContext.h">
      <Filter>Edit</Filter>
    </ClInclude>
    <ClInclude Include="EditorController.h">
      <Filter>Controller</Filter>
    </ClInclude>
    <ClInclude Include="LabController.h">
      <Filter>Controller</Filter>
    </ClInclude>
    <ClInclude Include="CreatureEditor.h">
      <Filter>Edit</Filter>
    </ClInclude>
    <ClInclude Include="DocumentController.h">
      <Filter>Controller</Filter>
    </ClInclude>
    <ClInclude Include="EditorCommand.h">
      <Filter>Command</Filter>
    </ClInclude>
    <ClInclude Include="DocumentCommand.h">
      <Filter>Command</Filter>
    </ClInclude>
    <ClInclude Include="DocumentContext.h">
      <Filter>Document</Filter>
    </ClInclude>
    <ClInclude Include="Window.h">
      <Filter>Document</Filter>
    </ClInclude>
    <ClInclude Include="Rotate.h">
      <Filter>Panel\Preview</Filter>
    </ClInclude>
    <ClInclude Include="PreviewEditor.h">
      <Filter>Panel\Preview</Filter>
    </ClInclude>
    <ClInclude Include="PreviewPart.h">
      <Filter>Panel\Preview</Filter>
    </ClInclude>
    <ClInclude Include="AnimationPanel.h">
      <Filter>Panel\Animation</Filter>
    </ClInclude>
    <ClInclude Include="..\third_party\imgui\misc\cpp\imgui_stdlib.h">
      <Filter>third_party\misc\cpp</Filter>
    </ClInclude>
    <ClInclude Include="CreatureTreePanel.h">
      <Filter>Panel\Creature</Filter>
    </ClInclude>
    <ClInclude Include="CreatureTreeNodeEdit.h">
      <Filter>Panel\Creature</Filter>
    </ClInclude>
  </ItemGroup>
  <ItemGroup>
    <ClCompile Include="..\third_party\imgui\imgui.cpp">
      <Filter>third_party</Filter>
    </ClCompile>
    <ClCompile Include="..\third_party\imgui\imgui_demo.cpp">
      <Filter>third_party</Filter>
    </ClCompile>
    <ClCompile Include="..\third_party\imgui\imgui_draw.cpp">
      <Filter>third_party</Filter>
    </ClCompile>
    <ClCompile Include="..\third_party\imgui\imgui_tables.cpp">
      <Filter>third_party</Filter>
    </ClCompile>
    <ClCompile Include="..\third_party\imgui\imgui_widgets.cpp">
      <Filter>third_party</Filter>
    </ClCompile>
    <ClCompile Include="..\third_party\imgui\backends\imgui_impl_dx11.cpp">
      <Filter>third_party\backends</Filter>
    </ClCompile>
    <ClCompile Include="..\third_party\imgui\backends\imgui_impl_win32.cpp">
      <Filter>third_party\backends</Filter>
    </ClCompile>
    <ClCompile Include="pch.cpp" />
    <ClCompile Include="main.cpp" />
    <ClCompile Include="Application.cpp">
      <Filter>Application</Filter>
    </ClCompile>
    <ClCompile Include="GenomePanel.cpp">
      <Filter>Panel</Filter>
    </ClCompile>
    <ClCompile Include="PreviewPanel.cpp">
      <Filter>Panel\Preview</Filter>
    </ClCompile>
    <ClCompile Include="ImGuiWindowScope.cpp">
      <Filter>misc</Filter>
    </ClCompile>
    <ClCompile Include="ImGuiMenuScope.cpp">
      <Filter>misc</Filter>
    </ClCompile>
    <ClCompile Include="ImGuiMainMenuBarScope.cpp">
      <Filter>misc</Filter>
    </ClCompile>
    <ClCompile Include="FileOperation.cpp">
      <Filter>misc</Filter>
    </ClCompile>
    <ClCompile Include="EditorContext.cpp">
      <Filter>Edit</Filter>
    </ClCompile>
    <ClCompile Include="MenuBar.cpp">
      <Filter>Menu</Filter>
    </ClCompile>
    <ClCompile Include="EditorController.cpp">
      <Filter>Controller</Filter>
    </ClCompile>
    <ClCompile Include="LabController.cpp">
      <Filter>Controller</Filter>
    </ClCompile>
    <ClCompile Include="DocumentContext.cpp">
      <Filter>Document</Filter>
    </ClCompile>
    <ClCompile Include="DocumentController.cpp">
      <Filter>Controller</Filter>
    </ClCompile>
    <ClCompile Include="CreatureEditor.cpp">
      <Filter>Edit</Filter>
    </ClCompile>
    <ClCompile Include="Window.cpp">
      <Filter>Document</Filter>
    </ClCompile>
    <ClCompile Include="PreviewPart.cpp">
      <Filter>Panel\Preview</Filter>
    </ClCompile>
    <ClCompile Include="PreviewEditor.cpp">
      <Filter>Panel\Preview</Filter>
    </ClCompile>
    <ClCompile Include="AnimationPanel.cpp">
      <Filter>Panel\Animation</Filter>
    </ClCompile>
    <ClCompile Include="..\third_party\imgui\misc\cpp\imgui_stdlib.cpp">
      <Filter>third_party\misc\cpp</Filter>
    </ClCompile>
    <ClCompile Include="CreatureTreePanel.cpp">
      <Filter>Panel\Creature</Filter>
    </ClCompile>
    <ClCompile Include="CreatureTreeNodeEdit.cpp">
      <Filter>Panel\Creature</Filter>
    </ClCompile>
  </ItemGroup>
</Project>