<?xml version="1.0" encoding="utf-8"?>
<Project ToolsVersion="4.0" xmlns="http://schemas.microsoft.com/developer/msbuild/2003">
  <ItemGroup>
    <Filter Include="リソース ファイル">
      <UniqueIdentifier>{67DA6AB6-F800-4c08-8B7A-83BB121AAD01}</UniqueIdentifier>
      <Extensions>rc;ico;cur;bmp;dlg;rc2;rct;bin;rgs;gif;jpg;jpeg;jpe;resx;tiff;tif;png;wav;mfcribbon-ms</Extensions>
    </Filter>
    <Filter Include="Texture">
      <UniqueIdentifier>{cb6fb8c4-4d0e-4e69-952b-3fdfe5a816d2}</UniqueIdentifier>
    </Filter>
    <Filter Include="Graphics">
      <UniqueIdentifier>{ef648be8-f479-4316-b383-c3fe3aac8664}</UniqueIdentifier>
    </Filter>
  </ItemGroup>
  <ItemGroup>
    <ClCompile Include="pch.cpp" />
    <ClCompile Include="Texture.cpp">
      <Filter>Texture</Filter>
    </ClCompile>
    <ClCompile Include="TextureCache.cpp">
      <Filter>Texture</Filter>
    </ClCompile>
    <ClCompile Include="TextureLoader.cpp">
      <Filter>Texture</Filter>
    </ClCompile>
    <ClCompile Include="GraphicsDevice.cpp">
      <Filter>Graphics</Filter>
    </ClCompile>
  </ItemGroup>
  <ItemGroup>
    <ClInclude Include="pch.h" />
    <ClInclude Include="TextureLoader.h">
      <Filter>Texture</Filter>
    </ClInclude>
    <ClInclude Include="Texture.h">
      <Filter>Texture</Filter>
    </ClInclude>
    <ClInclude Include="TextureCache.h">
      <Filter>Texture</Filter>
    </ClInclude>
    <ClInclude Include="ImageData.h">
      <Filter>Texture</Filter>
    </ClInclude>
    <ClInclude Include="GraphicsDevice.h">
      <Filter>Graphics</Filter>
    </ClInclude>
  </ItemGroup>
</Project>