<?xml version="1.0" encoding="utf-8"?>
<Project ToolsVersion="4.0" xmlns="http://schemas.microsoft.com/developer/msbuild/2003">
  <ItemGroup>
    <Filter Include="リソース ファイル">
      <UniqueIdentifier>{67DA6AB6-F800-4c08-8B7A-83BB121AAD01}</UniqueIdentifier>
      <Extensions>rc;ico;cur;bmp;dlg;rc2;rct;bin;rgs;gif;jpg;jpeg;jpe;resx;tiff;tif;png;wav;mfcribbon-ms</Extensions>
    </Filter>
    <Filter Include="Creature">
      <UniqueIdentifier>{af643c33-313e-4327-b481-c9d8b5821ce9}</UniqueIdentifier>
    </Filter>
    <Filter Include="Creature\Behavior">
      <UniqueIdentifier>{7515adcb-d7da-4bef-aaa8-54f744e8c44c}</UniqueIdentifier>
    </Filter>
    <Filter Include="Render">
      <UniqueIdentifier>{7adcfe67-5f91-4c97-aa12-d41db13e45be}</UniqueIdentifier>
    </Filter>
  </ItemGroup>
  <ItemGroup>
    <ClCompile Include="BehaviorController.cpp">
      <Filter>Creature\Behavior</Filter>
    </ClCompile>
    <ClCompile Include="CreatureRenderer.h">
      <Filter>Render</Filter>
    </ClCompile>
    <ClCompile Include="CreatureRenderer.cpp">
      <Filter>Render</Filter>
    </ClCompile>
    <ClCompile Include="main.cpp" />
  </ItemGroup>
  <ItemGroup>
    <ClInclude Include="BehaviorController.h">
      <Filter>Creature\Behavior</Filter>
    </ClInclude>
  </ItemGroup>
</Project>